
Microsoft Visual Studio Solution File, Format Version 12.00
# Visual Studio Version 17
VisualStudioVersion = 17.0.31912.275
MinimumVisualStudioVersion = 10.0.40219.1
Project("{FAE04EC0-301F-11D3-BF4B-00C04F79EFBC}") = "gRPC.Server", "gRPC.Server.csproj", "{4D914737-0F95-4FD9-A448-618D756097BD}"
EndProject
Project("{FAE04EC0-301F-11D3-BF4B-00C04F79EFBC}") = "gRPC.Client", "..\gRPC.Client\gRPC.Client.csproj", "{90539F4B-8552-432D-B9FA-7E9743848D30}"
EndProject
Global
	GlobalSection(SolutionConfigurationPlatforms) = preSolution
		Debug|Any CPU = Debug|Any CPU
		Release|Any CPU = Release|Any CPU
	EndGlobalSection
	GlobalSection(ProjectConfigurationPlatforms) = postSolution
		{4D914737-0F95-4FD9-A448-618D756097BD}.Debug|Any CPU.ActiveCfg = Debug|Any CPU
		{4D914737-0F95-4FD9-A448-618D756097BD}.Debug|Any CPU.Build.0 = Debug|Any CPU
		{4D914737-0F95-4FD9-A448-618D756097BD}.Release|Any CPU.ActiveCfg = Release|Any CPU
		{4D914737-0F95-4FD9-A448-618D756097BD}.Release|Any CPU.Build.0 = Release|Any CPU
		{90539F4B-8552-432D-B9FA-7E9743848D30}.Debug|Any CPU.ActiveCfg = Debug|Any CPU
		{90539F4B-8552-432D-B9FA-7E9743848D30}.Debug|Any CPU.Build.0 = Debug|Any CPU
		{90539F4B-8552-432D-B9FA-7E9743848D30}.Release|Any CPU.ActiveCfg = Release|Any CPU
		{90539F4B-8552-432D-B9FA-7E9743848D30}.Release|Any CPU.Build.0 = Release|Any CPU
	EndGlobalSection
	GlobalSection(SolutionProperties) = preSolution
		HideSolutionNode = FALSE
	EndGlobalSection
	GlobalSection(ExtensibilityGlobals) = postSolution
		SolutionGuid = {005674A4-C48E-4E2C-927B-4BF9549F2748}
	EndGlobalSection
EndGlobal
